// !$*UTF8*$!
{
	archiveVersion = 1;
	classes = {
	};
	objectVersion = 50;
	objects = {

/* Begin PBXBuildFile section */
		088818E820FD9DF20063DAFD /* AppDelegate.swift in Sources */ = {isa = PBXBuildFile; fileRef = 088818E720FD9DF20063DAFD /* AppDelegate.swift */; };
		088818EA20FD9DF20063DAFD /* ViewController.swift in Sources */ = {isa = PBXBuildFile; fileRef = 088818E920FD9DF20063DAFD /* ViewController.swift */; };
		088818EC20FD9DF50063DAFD /* Assets.xcassets in Resources */ = {isa = PBXBuildFile; fileRef = 088818EB20FD9DF50063DAFD /* Assets.xcassets */; };
		088818EF20FD9DF50063DAFD /* Main.storyboard in Resources */ = {isa = PBXBuildFile; fileRef = 088818ED20FD9DF50063DAFD /* Main.storyboard */; };
		088818F820FDA0A00063DAFD /* SecondaryViewController.swift in Sources */ = {isa = PBXBuildFile; fileRef = 088818F720FDA0A00063DAFD /* SecondaryViewController.swift */; };
		088818FB20FDA47F0063DAFD /* ConfigurationWindowController.swift in Sources */ = {isa = PBXBuildFile; fileRef = 088818F920FDA47F0063DAFD /* ConfigurationWindowController.swift */; };
		088818FC20FDA47F0063DAFD /* ConfigurationWindowController.xib in Resources */ = {isa = PBXBuildFile; fileRef = 088818FA20FDA47F0063DAFD /* ConfigurationWindowController.xib */; };
/* End PBXBuildFile section */

/* Begin PBXFileReference section */
		088818E420FD9DF20063DAFD /* Sheets.app */ = {isa = PBXFileReference; explicitFileType = wrapper.application; includeInIndex = 0; path = Sheets.app; sourceTree = BUILT_PRODUCTS_DIR; };
		088818E720FD9DF20063DAFD /* AppDelegate.swift */ = {isa = PBXFileReference; lastKnownFileType = sourcecode.swift; path = AppDelegate.swift; sourceTree = "<group>"; };
		088818E920FD9DF20063DAFD /* ViewController.swift */ = {isa = PBXFileReference; lastKnownFileType = sourcecode.swift; path = ViewController.swift; sourceTree = "<group>"; };
		088818EB20FD9DF50063DAFD /* Assets.xcassets */ = {isa = PBXFileReference; lastKnownFileType = folder.assetcatalog; path = Assets.xcassets; sourceTree = "<group>"; };
		088818EE20FD9DF50063DAFD /* Base */ = {isa = PBXFileReference; lastKnownFileType = file.storyboard; name = Base; path = Base.lproj/Main.storyboard; sourceTree = "<group>"; };
		088818F020FD9DF50063DAFD /* Info.plist */ = {isa = PBXFileReference; lastKnownFileType = text.plist.xml; path = Info.plist; sourceTree = "<group>"; };
		088818F120FD9DF50063DAFD /* Sheets.entitlements */ = {isa = PBXFileReference; lastKnownFileType = text.plist.entitlements; path = Sheets.entitlements; sourceTree = "<group>"; };
		088818F720FDA0A00063DAFD /* SecondaryViewController.swift */ = {isa = PBXFileReference; lastKnownFileType = sourcecode.swift; path = SecondaryViewController.swift; sourceTree = "<group>"; };
		088818F920FDA47F0063DAFD /* ConfigurationWindowController.swift */ = {isa = PBXFileReference; lastKnownFileType = sourcecode.swift; path = ConfigurationWindowController.swift; sourceTree = "<group>"; };
		088818FA20FDA47F0063DAFD /* ConfigurationWindowController.xib */ = {isa = PBXFileReference; lastKnownFileType = file.xib; path = ConfigurationWindowController.xib; sourceTree = "<group>"; };
/* End PBXFileReference section */

/* Begin PBXFrameworksBuildPhase section */
		088818E120FD9DF20063DAFD /* Frameworks */ = {
			isa = PBXFrameworksBuildPhase;
			buildActionMask = 2147483647;
			files = (
			);
			runOnlyForDeploymentPostprocessing = 0;
		};
/* End PBXFrameworksBuildPhase section */

/* Begin PBXGroup section */
		088818DB20FD9DF20063DAFD = {
			isa = PBXGroup;
			children = (
				088818E620FD9DF20063DAFD /* Sheets */,
				088818E520FD9DF20063DAFD /* Products */,
			);
			sourceTree = "<group>";
		};
		088818E520FD9DF20063DAFD /* Products */ = {
			isa = PBXGroup;
			children = (
				088818E420FD9DF20063DAFD /* Sheets.app */,
			);
			name = Products;
			sourceTree = "<group>";
		};
		088818E620FD9DF20063DAFD /* Sheets */ = {
			isa = PBXGroup;
			children = (
				088818E720FD9DF20063DAFD /* AppDelegate.swift */,
				088818E920FD9DF20063DAFD /* ViewController.swift */,
				088818F720FDA0A00063DAFD /* SecondaryViewController.swift */,
				088818F920FDA47F0063DAFD /* ConfigurationWindowController.swift */,
				088818FA20FDA47F0063DAFD /* ConfigurationWindowController.xib */,
				088818EB20FD9DF50063DAFD /* Assets.xcassets */,
				088818ED20FD9DF50063DAFD /* Main.storyboard */,
				088818F020FD9DF50063DAFD /* Info.plist */,
				088818F120FD9DF50063DAFD /* Sheets.entitlements */,
			);
			path = Sheets;
			sourceTree = "<group>";
		};
/* End PBXGroup section */

/* Begin PBXNativeTarget section */
		088818E320FD9DF20063DAFD /* Sheets */ = {
			isa = PBXNativeTarget;
			buildConfigurationList = 088818F420FD9DF50063DAFD /* Build configuration list for PBXNativeTarget "Sheets" */;
			buildPhases = (
				088818E020FD9DF20063DAFD /* Sources */,
				088818E120FD9DF20063DAFD /* Frameworks */,
				088818E220FD9DF20063DAFD /* Resources */,
			);
			buildRules = (
			);
			dependencies = (
			);
			name = Sheets;
			productName = Sheets;
			productReference = 088818E420FD9DF20063DAFD /* Sheets.app */;
			productType = "com.apple.product-type.application";
		};
/* End PBXNativeTarget section */

/* Begin PBXProject section */
		088818DC20FD9DF20063DAFD /* Project object */ = {
			isa = PBXProject;
			attributes = {
				LastSwiftUpdateCheck = 0940;
				LastUpgradeCheck = 0940;
				ORGANIZATIONNAME = Exilant;
				TargetAttributes = {
					088818E320FD9DF20063DAFD = {
						CreatedOnToolsVersion = 9.4.1;
					};
				};
			};
			buildConfigurationList = 088818DF20FD9DF20063DAFD /* Build configuration list for PBXProject "Sheets" */;
			compatibilityVersion = "Xcode 9.3";
			developmentRegion = en;
			hasScannedForEncodings = 0;
			knownRegions = (
				en,
				Base,
			);
			mainGroup = 088818DB20FD9DF20063DAFD;
			productRefGroup = 088818E520FD9DF20063DAFD /* Products */;
			projectDirPath = "";
			projectRoot = "";
			targets = (
				088818E320FD9DF20063DAFD /* Sheets */,
			);
		};
/* End PBXProject section */

/* Begin PBXResourcesBuildPhase section */
		088818E220FD9DF20063DAFD /* Resources */ = {
			isa = PBXResourcesBuildPhase;
			buildActionMask = 2147483647;
			files = (
				088818EC20FD9DF50063DAFD /* Assets.xcassets in Resources */,
				088818EF20FD9DF50063DAFD /* Main.storyboard in Resources */,
				088818FC20FDA47F0063DAFD /* ConfigurationWindowController.xib in Resources */,
			);
			runOnlyForDeploymentPostprocessing = 0;
		};
/* End PBXResourcesBuildPhase section */

/* Begin PBXSourcesBuildPhase section */
		088818E020FD9DF20063DAFD /* Sources */ = {
			isa = PBXSourcesBuildPhase;
			buildActionMask = 2147483647;
			files = (
				088818EA20FD9DF20063DAFD /* ViewController.swift in Sources */,
				088818E820FD9DF20063DAFD /* AppDelegate.swift in Sources */,
				088818FB20FDA47F0063DAFD /* ConfigurationWindowController.swift in Sources */,
				088818F820FDA0A00063DAFD /* SecondaryViewController.swift in Sources */,
			);
			runOnlyForDeploymentPostprocessing = 0;
		};
/* End PBXSourcesBuildPhase section */

/* Begin PBXVariantGroup section */
		088818ED20FD9DF50063DAFD /* Main.storyboard */ = {
			isa = PBXVariantGroup;
			children = (
				088818EE20FD9DF50063DAFD /* Base */,
			);
			name = Main.storyboard;
			sourceTree = "<group>";
		};
/* End PBXVariantGroup section */

/* Begin XCBuildConfiguration section */
		088818F220FD9DF50063DAFD /* Debug */ = {
			isa = XCBuildConfiguration;
			buildSettings = {
				ALWAYS_SEARCH_USER_PATHS = NO;
				CLANG_ANALYZER_NONNULL = YES;
				CLANG_ANALYZER_NUMBER_OBJECT_CONVERSION = YES_AGGRESSIVE;
				CLANG_CXX_LANGUAGE_STANDARD = "gnu++14";
				CLANG_CXX_LIBRARY = "libc++";
				CLANG_ENABLE_MODULES = YES;
				CLANG_ENABLE_OBJC_ARC = YES;
				CLANG_ENABLE_OBJC_WEAK = YES;
				CLANG_WARN_BLOCK_CAPTURE_AUTORELEASING = YES;
				CLANG_WARN_BOOL_CONVERSION = YES;
				CLANG_WARN_COMMA = YES;
				CLANG_WARN_CONSTANT_CONVERSION = YES;
				CLANG_WARN_DEPRECATED_OBJC_IMPLEMENTATIONS = YES;
				CLANG_WARN_DIRECT_OBJC_ISA_USAGE = YES_ERROR;
				CLANG_WARN_DOCUMENTATION_COMMENTS = YES;
				CLANG_WARN_EMPTY_BODY = YES;
				CLANG_WARN_ENUM_CONVERSION = YES;
				CLANG_WARN_INFINITE_RECURSION = YES;
				CLANG_WARN_INT_CONVERSION = YES;
				CLANG_WARN_NON_LITERAL_NULL_CONVERSION = YES;
				CLANG_WARN_OBJC_IMPLICIT_RETAIN_SELF = YES;
				CLANG_WARN_OBJC_LITERAL_CONVERSION = YES;
				CLANG_WARN_OBJC_ROOT_CLASS = YES_ERROR;
				CLANG_WARN_RANGE_LOOP_ANALYSIS = YES;
				CLANG_WARN_STRICT_PROTOTYPES = YES;
				CLANG_WARN_SUSPICIOUS_MOVE = YES;
				CLANG_WARN_UNGUARDED_AVAILABILITY = YES_AGGRESSIVE;
				CLANG_WARN_UNREACHABLE_CODE = YES;
				CLANG_WARN__DUPLICATE_METHOD_MATCH = YES;
				CODE_SIGN_IDENTITY = "-";
				COPY_PHASE_STRIP = NO;
				DEBUG_INFORMATION_FORMAT = dwarf;
				ENABLE_STRICT_OBJC_MSGSEND = YES;
				ENABLE_TESTABILITY = YES;
				GCC_C_LANGUAGE_STANDARD = gnu11;
				GCC_DYNAMIC_NO_PIC = NO;
				GCC_NO_COMMON_BLOCKS = YES;
				GCC_OPTIMIZATION_LEVEL = 0;
				GCC_PREPROCESSOR_DEFINITIONS = (
					"DEBUG=1",
					"$(inherited)",
				);
				GCC_WARN_64_TO_32_BIT_CONVERSION = YES;
				GCC_WARN_ABOUT_RETURN_TYPE = YES_ERROR;
				GCC_WARN_UNDECLARED_SELECTOR = YES;
				GCC_WARN_UNINITIALIZED_AUTOS = YES_AGGRESSIVE;
				GCC_WARN_UNUSED_FUNCTION = YES;
				GCC_WARN_UNUSED_VARIABLE = YES;
				MACOSX_DEPLOYMENT_TARGET = 10.13;
				MTL_ENABLE_DEBUG_INFO = YES;
				ONLY_ACTIVE_ARCH = YES;
				SDKROOT = macosx;
				SWIFT_ACTIVE_COMPILATION_CONDITIONS = DEBUG;
				SWIFT_OPTIMIZATION_LEVEL = "-Onone";
			};
			name = Debug;
		};
		088818F320FD9DF50063DAFD /* Release */ = {
			isa = XCBuildConfiguration;
			buildSettings = {
				ALWAYS_SEARCH_USER_PATHS = NO;
				CLANG_ANALYZER_NONNULL = YES;
				CLANG_ANALYZER_NUMBER_OBJECT_CONVERSION = YES_AGGRESSIVE;
				CLANG_CXX_LANGUAGE_STANDARD = "gnu++14";
				CLANG_CXX_LIBRARY = "libc++";
				CLANG_ENABLE_MODULES = YES;
				CLANG_ENABLE_OBJC_ARC = YES;
				CLANG_ENABLE_OBJC_WEAK = YES;
				CLANG_WARN_BLOCK_CAPTURE_AUTORELEASING = YES;
				CLANG_WARN_BOOL_CONVERSION = YES;
				CLANG_WARN_COMMA = YES;
				CLANG_WARN_CONSTANT_CONVERSION = YES;
				CLANG_WARN_DEPRECATED_OBJC_IMPLEMENTATIONS = YES;
				CLANG_WARN_DIRECT_OBJC_ISA_USAGE = YES_ERROR;
				CLANG_WARN_DOCUMENTATION_COMMENTS = YES;
				CLANG_WARN_EMPTY_BODY = YES;
				CLANG_WARN_ENUM_CONVERSION = YES;
				CLANG_WARN_INFINITE_RECURSION = YES;
				CLANG_WARN_INT_CONVERSION = YES;
				CLANG_WARN_NON_LITERAL_NULL_CONVERSION = YES;
				CLANG_WARN_OBJC_IMPLICIT_RETAIN_SELF = YES;
				CLANG_WARN_OBJC_LITERAL_CONVERSION = YES;
				CLANG_WARN_OBJC_ROOT_CLASS = YES_ERROR;
				CLANG_WARN_RANGE_LOOP_ANALYSIS = YES;
				CLANG_WARN_STRICT_PROTOTYPES = YES;
				CLANG_WARN_SUSPICIOUS_MOVE = YES;
				CLANG_WARN_UNGUARDED_AVAILABILITY = YES_AGGRESSIVE;
				CLANG_WARN_UNREACHABLE_CODE = YES;
				CLANG_WARN__DUPLICATE_METHOD_MATCH = YES;
				CODE_SIGN_IDENTITY = "-";
				COPY_PHASE_STRIP = NO;
				DEBUG_INFORMATION_FORMAT = "dwarf-with-dsym";
				ENABLE_NS_ASSERTIONS = NO;
				ENABLE_STRICT_OBJC_MSGSEND = YES;
				GCC_C_LANGUAGE_STANDARD = gnu11;
				GCC_NO_COMMON_BLOCKS = YES;
				GCC_WARN_64_TO_32_BIT_CONVERSION = YES;
				GCC_WARN_ABOUT_RETURN_TYPE = YES_ERROR;
				GCC_WARN_UNDECLARED_SELECTOR = YES;
				GCC_WARN_UNINITIALIZED_AUTOS = YES_AGGRESSIVE;
				GCC_WARN_UNUSED_FUNCTION = YES;
				GCC_WARN_UNUSED_VARIABLE = YES;
				MACOSX_DEPLOYMENT_TARGET = 10.13;
				MTL_ENABLE_DEBUG_INFO = NO;
				SDKROOT = macosx;
				SWIFT_COMPILATION_MODE = wholemodule;
				SWIFT_OPTIMIZATION_LEVEL = "-O";
			};
			name = Release;
		};
		088818F520FD9DF50063DAFD /* Debug */ = {
			isa = XCBuildConfiguration;
			buildSettings = {
				ASSETCATALOG_COMPILER_APPICON_NAME = AppIcon;
				CODE_SIGN_ENTITLEMENTS = Sheets/Sheets.entitlements;
				CODE_SIGN_STYLE = Automatic;
				COMBINE_HIDPI_IMAGES = YES;
				INFOPLIST_FILE = Sheets/Info.plist;
				LD_RUNPATH_SEARCH_PATHS = (
					"$(inherited)",
					"@executable_path/../Frameworks",
				);
				PRODUCT_BUNDLE_IDENTIFIER = com.exilant.Sheets;
				PRODUCT_NAME = "$(TARGET_NAME)";
				SWIFT_VERSION = 4.0;
			};
			name = Debug;
		};
		088818F620FD9DF50063DAFD /* Release */ = {
			isa = XCBuildConfiguration;
			buildSettings = {
				ASSETCATALOG_COMPILER_APPICON_NAME = AppIcon;
				CODE_SIGN_ENTITLEMENTS = Sheets/Sheets.entitlements;
				CODE_SIGN_STYLE = Automatic;
				COMBINE_HIDPI_IMAGES = YES;
				INFOPLIST_FILE = Sheets/Info.plist;
				LD_RUNPATH_SEARCH_PATHS = (
					"$(inherited)",
					"@executable_path/../Frameworks",
				);
				PRODUCT_BUNDLE_IDENTIFIER = com.exilant.Sheets;
				PRODUCT_NAME = "$(TARGET_NAME)";
				SWIFT_VERSION = 4.0;
			};
			name = Release;
		};
/* End XCBuildConfiguration section */

/* Begin XCConfigurationList section */
		088818DF20FD9DF20063DAFD /* Build configuration list for PBXProject "Sheets" */ = {
			isa = XCConfigurationList;
			buildConfigurations = (
				088818F220FD9DF50063DAFD /* Debug */,
				088818F320FD9DF50063DAFD /* Release */,
			);
			defaultConfigurationIsVisible = 0;
			defaultConfigurationName = Release;
		};
		088818F420FD9DF50063DAFD /* Build configuration list for PBXNativeTarget "Sheets" */ = {
			isa = XCConfigurationList;
			buildConfigurations = (
				088818F520FD9DF50063DAFD /* Debug */,
				088818F620FD9DF50063DAFD /* Release */,
			);
			defaultConfigurationIsVisible = 0;
			defaultConfigurationName = Release;
		};
/* End XCConfigurationList section */
	};
	rootObject = 088818DC20FD9DF20063DAFD /* Project object */;
}
